Microsoft Visual Studio Solution File, Format Version 12.00
# Visual Studio Version 17
VisualStudioVersion = 17.5.2.0
MinimumVisualStudioVersion = 10.0.40219.1
Project("{FAE04EC0-301F-11D3-BF4B-00C04F79EFBC}") = "PROG3176assignment3", "PROG3176assignment3.csproj", "{0BA7D664-2B7E-8FC8-2F57-B605BE380A69}"
EndProject
Global
	GlobalSection(SolutionConfigurationPlatforms) = preSolution
		Debug|Any CPU = Debug|Any CPU
		Release|Any CPU = Release|Any CPU
	EndGlobalSection
	GlobalSection(ProjectConfigurationPlatforms) = postSolution
		{0BA7D664-2B7E-8FC8-2F57-B605BE380A69}.Debug|Any CPU.ActiveCfg = Debug|Any CPU
		{0BA7D664-2B7E-8FC8-2F57-B605BE380A69}.Debug|Any CPU.Build.0 = Debug|Any CPU
		{0BA7D664-2B7E-8FC8-2F57-B605BE380A69}.Release|Any CPU.ActiveCfg = Release|Any CPU
		{0BA7D664-2B7E-8FC8-2F57-B605BE380A69}.Release|Any CPU.Build.0 = Release|Any CPU
	EndGlobalSection
	GlobalSection(SolutionProperties) = preSolution
		HideSolutionNode = FALSE
	EndGlobalSection
	GlobalSection(ExtensibilityGlobals) = postSolution
		SolutionGuid = {F316AFA1-AA1F-430D-87B8-04472C9E9E35}
	EndGlobalSection
EndGlobal
